
Microsoft Visual Studio Solution File, Format Version 12.00
# Visual Studio Version 17
VisualStudioVersion = 17.6.33815.320
MinimumVisualStudioVersion = 10.0.40219.1
Project("{F184B08F-C81C-45F6-A57F-5ABD9991F28F}") = "WebAppMVC48", "VB.Net\WebAppMVC48\WebAppMVC48.vbproj", "{6EB22DD7-6BB9-4459-BC84-97982E29FB4A}"
EndProject
Project("{F184B08F-C81C-45F6-A57F-5ABD9991F28F}") = "ConsoleApp48", "VB.Net\ConsoleApp48\ConsoleApp48.vbproj", "{198BACB1-20E8-4BBB-A031-3F26DB1CC253}"
EndProject
Project("{778DAE3C-4631-46EA-AA77-85C1314464D9}") = "WinFormsCore60", "VB.Net\WinFormsCore60\WinFormsCore60.vbproj", "{2C5B73FA-0EAB-4DF4-9A36-DF966AB1F64D}"
EndProject
Project("{778DAE3C-4631-46EA-AA77-85C1314464D9}") = "ConsoleAppCore60", "VB.Net\ConsoleAppCore60\ConsoleAppCore60.vbproj", "{023FEDE7-8DF8-4947-963B-822129D58994}"
EndProject
Project("{F184B08F-C81C-45F6-A57F-5ABD9991F28F}") = "WinApp48", "VB.Net\WinApp48\WinApp48.vbproj", "{E8E69B45-8604-4BE7-B680-AB1947717883}"
EndProject
Global
	GlobalSection(SolutionConfigurationPlatforms) = preSolution
		Debug|Any CPU = Debug|Any CPU
		Debug|ARM = Debug|ARM
		Debug|ARM64 = Debug|ARM64
		Debug|x64 = Debug|x64
		Debug|x86 = Debug|x86
		Release|Any CPU = Release|Any CPU
		Release|ARM = Release|ARM
		Release|ARM64 = Release|ARM64
		Release|x64 = Release|x64
		Release|x86 = Release|x86
	EndGlobalSection
	GlobalSection(ProjectConfigurationPlatforms) = postSolution
		{6EB22DD7-6BB9-4459-BC84-97982E29FB4A}.Debug|Any CPU.ActiveCfg = Debug|Any CPU
		{6EB22DD7-6BB9-4459-BC84-97982E29FB4A}.Debug|Any CPU.Build.0 = Debug|Any CPU
		{6EB22DD7-6BB9-4459-BC84-97982E29FB4A}.Debug|ARM.ActiveCfg = Debug|Any CPU
		{6EB22DD7-6BB9-4459-BC84-97982E29FB4A}.Debug|ARM.Build.0 = Debug|Any CPU
		{6EB22DD7-6BB9-4459-BC84-97982E29FB4A}.Debug|ARM64.ActiveCfg = Debug|Any CPU
		{6EB22DD7-6BB9-4459-BC84-97982E29FB4A}.Debug|ARM64.Build.0 = Debug|Any CPU
		{6EB22DD7-6BB9-4459-BC84-97982E29FB4A}.Debug|x64.ActiveCfg = Debug|Any CPU
		{6EB22DD7-6BB9-4459-BC84-97982E29FB4A}.Debug|x64.Build.0 = Debug|Any CPU
		{6EB22DD7-6BB9-4459-BC84-97982E29FB4A}.Debug|x86.ActiveCfg = Debug|Any CPU
		{6EB22DD7-6BB9-4459-BC84-97982E29FB4A}.Debug|x86.Build.0 = Debug|Any CPU
		{6EB22DD7-6BB9-4459-BC84-97982E29FB4A}.Release|Any CPU.ActiveCfg = Release|Any CPU
		{6EB22DD7-6BB9-4459-BC84-97982E29FB4A}.Release|Any CPU.Build.0 = Release|Any CPU
		{6EB22DD7-6BB9-4459-BC84-97982E29FB4A}.Release|ARM.ActiveCfg = Release|Any CPU
		{6EB22DD7-6BB9-4459-BC84-97982E29FB4A}.Release|ARM.Build.0 = Release|Any CPU
		{6EB22DD7-6BB9-4459-BC84-97982E29FB4A}.Release|ARM64.ActiveCfg = Release|Any CPU
		{6EB22DD7-6BB9-4459-BC84-97982E29FB4A}.Release|ARM64.Build.0 = Release|Any CPU
		{6EB22DD7-6BB9-4459-BC84-97982E29FB4A}.Release|x64.ActiveCfg = Release|Any CPU
		{6EB22DD7-6BB9-4459-BC84-97982E29FB4A}.Release|x64.Build.0 = Release|Any CPU
		{6EB22DD7-6BB9-4459-BC84-97982E29FB4A}.Release|x86.ActiveCfg = Release|Any CPU
		{6EB22DD7-6BB9-4459-BC84-97982E29FB4A}.Release|x86.Build.0 = Release|Any CPU
		{198BACB1-20E8-4BBB-A031-3F26DB1CC253}.Debug|Any CPU.ActiveCfg = Debug|Any CPU
		{198BACB1-20E8-4BBB-A031-3F26DB1CC253}.Debug|Any CPU.Build.0 = Debug|Any CPU
		{198BACB1-20E8-4BBB-A031-3F26DB1CC253}.Debug|ARM.ActiveCfg = Debug|Any CPU
		{198BACB1-20E8-4BBB-A031-3F26DB1CC253}.Debug|ARM.Build.0 = Debug|Any CPU
		{198BACB1-20E8-4BBB-A031-3F26DB1CC253}.Debug|ARM64.ActiveCfg = Debug|Any CPU
		{198BACB1-20E8-4BBB-A031-3F26DB1CC253}.Debug|ARM64.Build.0 = Debug|Any CPU
		{198BACB1-20E8-4BBB-A031-3F26DB1CC253}.Debug|x64.ActiveCfg = Debug|Any CPU
		{198BACB1-20E8-4BBB-A031-3F26DB1CC253}.Debug|x64.Build.0 = Debug|Any CPU
		{198BACB1-20E8-4BBB-A031-3F26DB1CC253}.Debug|x86.ActiveCfg = Debug|Any CPU
		{198BACB1-20E8-4BBB-A031-3F26DB1CC253}.Debug|x86.Build.0 = Debug|Any CPU
		{198BACB1-20E8-4BBB-A031-3F26DB1CC253}.Release|Any CPU.ActiveCfg = Release|Any CPU
		{198BACB1-20E8-4BBB-A031-3F26DB1CC253}.Release|Any CPU.Build.0 = Release|Any CPU
		{198BACB1-20E8-4BBB-A031-3F26DB1CC253}.Release|ARM.ActiveCfg = Release|Any CPU
		{198BACB1-20E8-4BBB-A031-3F26DB1CC253}.Release|ARM.Build.0 = Release|Any CPU
		{198BACB1-20E8-4BBB-A031-3F26DB1CC253}.Release|ARM64.ActiveCfg = Release|Any CPU
		{198BACB1-20E8-4BBB-A031-3F26DB1CC253}.Release|ARM64.Build.0 = Release|Any CPU
		{198BACB1-20E8-4BBB-A031-3F26DB1CC253}.Release|x64.ActiveCfg = Release|Any CPU
		{198BACB1-20E8-4BBB-A031-3F26DB1CC253}.Release|x64.Build.0 = Release|Any CPU
		{198BACB1-20E8-4BBB-A031-3F26DB1CC253}.Release|x86.ActiveCfg = Release|Any CPU
		{198BACB1-20E8-4BBB-A031-3F26DB1CC253}.Release|x86.Build.0 = Release|Any CPU
		{2C5B73FA-0EAB-4DF4-9A36-DF966AB1F64D}.Debug|Any CPU.ActiveCfg = Debug|Any CPU
		{2C5B73FA-0EAB-4DF4-9A36-DF966AB1F64D}.Debug|Any CPU.Build.0 = Debug|Any CPU
		{2C5B73FA-0EAB-4DF4-9A36-DF966AB1F64D}.Debug|ARM.ActiveCfg = Debug|Any CPU
		{2C5B73FA-0EAB-4DF4-9A36-DF966AB1F64D}.Debug|ARM.Build.0 = Debug|Any CPU
		{2C5B73FA-0EAB-4DF4-9A36-DF966AB1F64D}.Debug|ARM64.ActiveCfg = Debug|Any CPU
		{2C5B73FA-0EAB-4DF4-9A36-DF966AB1F64D}.Debug|ARM64.Build.0 = Debug|Any CPU
		{2C5B73FA-0EAB-4DF4-9A36-DF966AB1F64D}.Debug|x64.ActiveCfg = Debug|Any CPU
		{2C5B73FA-0EAB-4DF4-9A36-DF966AB1F64D}.Debug|x64.Build.0 = Debug|Any CPU
		{2C5B73FA-0EAB-4DF4-9A36-DF966AB1F64D}.Debug|x86.ActiveCfg = Debug|Any CPU
		{2C5B73FA-0EAB-4DF4-9A36-DF966AB1F64D}.Debug|x86.Build.0 = Debug|Any CPU
		{2C5B73FA-0EAB-4DF4-9A36-DF966AB1F64D}.Release|Any CPU.ActiveCfg = Release|Any CPU
		{2C5B73FA-0EAB-4DF4-9A36-DF966AB1F64D}.Release|Any CPU.Build.0 = Release|Any CPU
		{2C5B73FA-0EAB-4DF4-9A36-DF966AB1F64D}.Release|ARM.ActiveCfg = Release|Any CPU
		{2C5B73FA-0EAB-4DF4-9A36-DF966AB1F64D}.Release|ARM.Build.0 = Release|Any CPU
		{2C5B73FA-0EAB-4DF4-9A36-DF966AB1F64D}.Release|ARM64.ActiveCfg = Release|Any CPU
		{2C5B73FA-0EAB-4DF4-9A36-DF966AB1F64D}.Release|ARM64.Build.0 = Release|Any CPU
		{2C5B73FA-0EAB-4DF4-9A36-DF966AB1F64D}.Release|x64.ActiveCfg = Release|Any CPU
		{2C5B73FA-0EAB-4DF4-9A36-DF966AB1F64D}.Release|x64.Build.0 = Release|Any CPU
		{2C5B73FA-0EAB-4DF4-9A36-DF966AB1F64D}.Release|x86.ActiveCfg = Release|Any CPU
		{2C5B73FA-0EAB-4DF4-9A36-DF966AB1F64D}.Release|x86.Build.0 = Release|Any CPU
		{023FEDE7-8DF8-4947-963B-822129D58994}.Debug|Any CPU.ActiveCfg = Debug|Any CPU
		{023FEDE7-8DF8-4947-963B-822129D58994}.Debug|Any CPU.Build.0 = Debug|Any CPU
		{023FEDE7-8DF8-4947-963B-822129D58994}.Debug|ARM.ActiveCfg = Debug|Any CPU
		{023FEDE7-8DF8-4947-963B-822129D58994}.Debug|ARM.Build.0 = Debug|Any CPU
		{023FEDE7-8DF8-4947-963B-822129D58994}.Debug|ARM64.ActiveCfg = Debug|Any CPU
		{023FEDE7-8DF8-4947-963B-822129D58994}.Debug|ARM64.Build.0 = Debug|Any CPU
		{023FEDE7-8DF8-4947-963B-822129D58994}.Debug|x64.ActiveCfg = Debug|Any CPU
		{023FEDE7-8DF8-4947-963B-822129D58994}.Debug|x64.Build.0 = Debug|Any CPU
		{023FEDE7-8DF8-4947-963B-822129D58994}.Debug|x86.ActiveCfg = Debug|Any CPU
		{023FEDE7-8DF8-4947-963B-822129D58994}.Debug|x86.Build.0 = Debug|Any CPU
		{023FEDE7-8DF8-4947-963B-822129D58994}.Release|Any CPU.ActiveCfg = Release|Any CPU
		{023FEDE7-8DF8-4947-963B-822129D58994}.Release|Any CPU.Build.0 = Release|Any CPU
		{023FEDE7-8DF8-4947-963B-822129D58994}.Release|ARM.ActiveCfg = Release|Any CPU
		{023FEDE7-8DF8-4947-963B-822129D58994}.Release|ARM.Build.0 = Release|Any CPU
		{023FEDE7-8DF8-4947-963B-822129D58994}.Release|ARM64.ActiveCfg = Release|Any CPU
		{023FEDE7-8DF8-4947-963B-822129D58994}.Release|ARM64.Build.0 = Release|Any CPU
		{023FEDE7-8DF8-4947-963B-822129D58994}.Release|x64.ActiveCfg = Release|Any CPU
		{023FEDE7-8DF8-4947-963B-822129D58994}.Release|x64.Build.0 = Release|Any CPU
		{023FEDE7-8DF8-4947-963B-822129D58994}.Release|x86.ActiveCfg = Release|Any CPU
		{023FEDE7-8DF8-4947-963B-822129D58994}.Release|x86.Build.0 = Release|Any CPU
		{E8E69B45-8604-4BE7-B680-AB1947717883}.Debug|Any CPU.ActiveCfg = Debug|Any CPU
		{E8E69B45-8604-4BE7-B680-AB1947717883}.Debug|Any CPU.Build.0 = Debug|Any CPU
		{E8E69B45-8604-4BE7-B680-AB1947717883}.Debug|ARM.ActiveCfg = Debug|Any CPU
		{E8E69B45-8604-4BE7-B680-AB1947717883}.Debug|ARM.Build.0 = Debug|Any CPU
		{E8E69B45-8604-4BE7-B680-AB1947717883}.Debug|ARM64.ActiveCfg = Debug|Any CPU
		{E8E69B45-8604-4BE7-B680-AB1947717883}.Debug|ARM64.Build.0 = Debug|Any CPU
		{E8E69B45-8604-4BE7-B680-AB1947717883}.Debug|x64.ActiveCfg = Debug|Any CPU
		{E8E69B45-8604-4BE7-B680-AB1947717883}.Debug|x64.Build.0 = Debug|Any CPU
		{E8E69B45-8604-4BE7-B680-AB1947717883}.Debug|x86.ActiveCfg = Debug|Any CPU
		{E8E69B45-8604-4BE7-B680-AB1947717883}.Debug|x86.Build.0 = Debug|Any CPU
		{E8E69B45-8604-4BE7-B680-AB1947717883}.Release|Any CPU.ActiveCfg = Release|Any CPU
		{E8E69B45-8604-4BE7-B680-AB1947717883}.Release|Any CPU.Build.0 = Release|Any CPU
		{E8E69B45-8604-4BE7-B680-AB1947717883}.Release|ARM.ActiveCfg = Release|Any CPU
		{E8E69B45-8604-4BE7-B680-AB1947717883}.Release|ARM.Build.0 = Release|Any CPU
		{E8E69B45-8604-4BE7-B680-AB1947717883}.Release|ARM64.ActiveCfg = Release|Any CPU
		{E8E69B45-8604-4BE7-B680-AB1947717883}.Release|ARM64.Build.0 = Release|Any CPU
		{E8E69B45-8604-4BE7-B680-AB1947717883}.Release|x64.ActiveCfg = Release|Any CPU
		{E8E69B45-8604-4BE7-B680-AB1947717883}.Release|x64.Build.0 = Release|Any CPU
		{E8E69B45-8604-4BE7-B680-AB1947717883}.Release|x86.ActiveCfg = Release|Any CPU
		{E8E69B45-8604-4BE7-B680-AB1947717883}.Release|x86.Build.0 = Release|Any CPU
	EndGlobalSection
	GlobalSection(SolutionProperties) = preSolution
		HideSolutionNode = FALSE
	EndGlobalSection
	GlobalSection(ExtensibilityGlobals) = postSolution
		SolutionGuid = {506D1295-85DC-446C-9915-DCC7DA6B2A0C}
	EndGlobalSection
EndGlobal
