
Microsoft Visual Studio Solution File, Format Version 12.00
# Visual Studio Version 17
VisualStudioVersion = 17.6.33815.320
MinimumVisualStudioVersion = 10.0.40219.1
Project("{FAE04EC0-301F-11D3-BF4B-00C04F79EFBC}") = "ConsoleApp48", "CSharp\ConsoleApp48\ConsoleApp48.csproj", "{A774736D-E0A7-43C2-915F-ABE2F99A1259}"
EndProject
Project("{9A19103F-16F7-4668-BE54-9A1E7A4F7556}") = "ConsoleAppCore60", "CSharp\ConsoleAppCore60\ConsoleAppCore60.csproj", "{6054B1EE-EE13-404D-B10E-87F3C788837C}"
EndProject
Project("{FAE04EC0-301F-11D3-BF4B-00C04F79EFBC}") = "WebAppCSharp48", "CSharp\WebAppCSharp48\WebAppCSharp48.csproj", "{3D96CFF8-10D1-411A-9971-A5BCEA10E157}"
EndProject
Project("{FAE04EC0-301F-11D3-BF4B-00C04F79EFBC}") = "WinApp48", "CSharp\WinApp48\WinApp48.csproj", "{B665CE7A-674F-4D4A-9F9C-5ED14400B9B5}"
EndProject
Global
	GlobalSection(SolutionConfigurationPlatforms) = preSolution
		Debug|Any CPU = Debug|Any CPU
		Debug|ARM = Debug|ARM
		Debug|ARM64 = Debug|ARM64
		Debug|x64 = Debug|x64
		Debug|x86 = Debug|x86
		Release|Any CPU = Release|Any CPU
		Release|ARM = Release|ARM
		Release|ARM64 = Release|ARM64
		Release|x64 = Release|x64
		Release|x86 = Release|x86
	EndGlobalSection
	GlobalSection(ProjectConfigurationPlatforms) = postSolution
		{A774736D-E0A7-43C2-915F-ABE2F99A1259}.Debug|Any CPU.ActiveCfg = Debug|Any CPU
		{A774736D-E0A7-43C2-915F-ABE2F99A1259}.Debug|Any CPU.Build.0 = Debug|Any CPU
		{A774736D-E0A7-43C2-915F-ABE2F99A1259}.Debug|ARM.ActiveCfg = Debug|Any CPU
		{A774736D-E0A7-43C2-915F-ABE2F99A1259}.Debug|ARM.Build.0 = Debug|Any CPU
		{A774736D-E0A7-43C2-915F-ABE2F99A1259}.Debug|ARM64.ActiveCfg = Debug|Any CPU
		{A774736D-E0A7-43C2-915F-ABE2F99A1259}.Debug|ARM64.Build.0 = Debug|Any CPU
		{A774736D-E0A7-43C2-915F-ABE2F99A1259}.Debug|x64.ActiveCfg = Debug|Any CPU
		{A774736D-E0A7-43C2-915F-ABE2F99A1259}.Debug|x64.Build.0 = Debug|Any CPU
		{A774736D-E0A7-43C2-915F-ABE2F99A1259}.Debug|x86.ActiveCfg = Debug|Any CPU
		{A774736D-E0A7-43C2-915F-ABE2F99A1259}.Debug|x86.Build.0 = Debug|Any CPU
		{A774736D-E0A7-43C2-915F-ABE2F99A1259}.Release|Any CPU.ActiveCfg = Release|Any CPU
		{A774736D-E0A7-43C2-915F-ABE2F99A1259}.Release|Any CPU.Build.0 = Release|Any CPU
		{A774736D-E0A7-43C2-915F-ABE2F99A1259}.Release|ARM.ActiveCfg = Release|Any CPU
		{A774736D-E0A7-43C2-915F-ABE2F99A1259}.Release|ARM.Build.0 = Release|Any CPU
		{A774736D-E0A7-43C2-915F-ABE2F99A1259}.Release|ARM64.ActiveCfg = Release|Any CPU
		{A774736D-E0A7-43C2-915F-ABE2F99A1259}.Release|ARM64.Build.0 = Release|Any CPU
		{A774736D-E0A7-43C2-915F-ABE2F99A1259}.Release|x64.ActiveCfg = Release|Any CPU
		{A774736D-E0A7-43C2-915F-ABE2F99A1259}.Release|x64.Build.0 = Release|Any CPU
		{A774736D-E0A7-43C2-915F-ABE2F99A1259}.Release|x86.ActiveCfg = Release|Any CPU
		{A774736D-E0A7-43C2-915F-ABE2F99A1259}.Release|x86.Build.0 = Release|Any CPU
		{6054B1EE-EE13-404D-B10E-87F3C788837C}.Debug|Any CPU.ActiveCfg = Debug|Any CPU
		{6054B1EE-EE13-404D-B10E-87F3C788837C}.Debug|Any CPU.Build.0 = Debug|Any CPU
		{6054B1EE-EE13-404D-B10E-87F3C788837C}.Debug|ARM.ActiveCfg = Debug|Any CPU
		{6054B1EE-EE13-404D-B10E-87F3C788837C}.Debug|ARM.Build.0 = Debug|Any CPU
		{6054B1EE-EE13-404D-B10E-87F3C788837C}.Debug|ARM64.ActiveCfg = Debug|Any CPU
		{6054B1EE-EE13-404D-B10E-87F3C788837C}.Debug|ARM64.Build.0 = Debug|Any CPU
		{6054B1EE-EE13-404D-B10E-87F3C788837C}.Debug|x64.ActiveCfg = Debug|Any CPU
		{6054B1EE-EE13-404D-B10E-87F3C788837C}.Debug|x64.Build.0 = Debug|Any CPU
		{6054B1EE-EE13-404D-B10E-87F3C788837C}.Debug|x86.ActiveCfg = Debug|Any CPU
		{6054B1EE-EE13-404D-B10E-87F3C788837C}.Debug|x86.Build.0 = Debug|Any CPU
		{6054B1EE-EE13-404D-B10E-87F3C788837C}.Release|Any CPU.ActiveCfg = Release|Any CPU
		{6054B1EE-EE13-404D-B10E-87F3C788837C}.Release|Any CPU.Build.0 = Release|Any CPU
		{6054B1EE-EE13-404D-B10E-87F3C788837C}.Release|ARM.ActiveCfg = Release|Any CPU
		{6054B1EE-EE13-404D-B10E-87F3C788837C}.Release|ARM.Build.0 = Release|Any CPU
		{6054B1EE-EE13-404D-B10E-87F3C788837C}.Release|ARM64.ActiveCfg = Release|Any CPU
		{6054B1EE-EE13-404D-B10E-87F3C788837C}.Release|ARM64.Build.0 = Release|Any CPU
		{6054B1EE-EE13-404D-B10E-87F3C788837C}.Release|x64.ActiveCfg = Release|Any CPU
		{6054B1EE-EE13-404D-B10E-87F3C788837C}.Release|x64.Build.0 = Release|Any CPU
		{6054B1EE-EE13-404D-B10E-87F3C788837C}.Release|x86.ActiveCfg = Release|Any CPU
		{6054B1EE-EE13-404D-B10E-87F3C788837C}.Release|x86.Build.0 = Release|Any CPU
		{3D96CFF8-10D1-411A-9971-A5BCEA10E157}.Debug|Any CPU.ActiveCfg = Debug|Any CPU
		{3D96CFF8-10D1-411A-9971-A5BCEA10E157}.Debug|Any CPU.Build.0 = Debug|Any CPU
		{3D96CFF8-10D1-411A-9971-A5BCEA10E157}.Debug|ARM.ActiveCfg = Debug|Any CPU
		{3D96CFF8-10D1-411A-9971-A5BCEA10E157}.Debug|ARM.Build.0 = Debug|Any CPU
		{3D96CFF8-10D1-411A-9971-A5BCEA10E157}.Debug|ARM64.ActiveCfg = Debug|Any CPU
		{3D96CFF8-10D1-411A-9971-A5BCEA10E157}.Debug|ARM64.Build.0 = Debug|Any CPU
		{3D96CFF8-10D1-411A-9971-A5BCEA10E157}.Debug|x64.ActiveCfg = Debug|Any CPU
		{3D96CFF8-10D1-411A-9971-A5BCEA10E157}.Debug|x64.Build.0 = Debug|Any CPU
		{3D96CFF8-10D1-411A-9971-A5BCEA10E157}.Debug|x86.ActiveCfg = Debug|Any CPU
		{3D96CFF8-10D1-411A-9971-A5BCEA10E157}.Debug|x86.Build.0 = Debug|Any CPU
		{3D96CFF8-10D1-411A-9971-A5BCEA10E157}.Release|Any CPU.ActiveCfg = Release|Any CPU
		{3D96CFF8-10D1-411A-9971-A5BCEA10E157}.Release|Any CPU.Build.0 = Release|Any CPU
		{3D96CFF8-10D1-411A-9971-A5BCEA10E157}.Release|ARM.ActiveCfg = Release|Any CPU
		{3D96CFF8-10D1-411A-9971-A5BCEA10E157}.Release|ARM.Build.0 = Release|Any CPU
		{3D96CFF8-10D1-411A-9971-A5BCEA10E157}.Release|ARM64.ActiveCfg = Release|Any CPU
		{3D96CFF8-10D1-411A-9971-A5BCEA10E157}.Release|ARM64.Build.0 = Release|Any CPU
		{3D96CFF8-10D1-411A-9971-A5BCEA10E157}.Release|x64.ActiveCfg = Release|Any CPU
		{3D96CFF8-10D1-411A-9971-A5BCEA10E157}.Release|x64.Build.0 = Release|Any CPU
		{3D96CFF8-10D1-411A-9971-A5BCEA10E157}.Release|x86.ActiveCfg = Release|Any CPU
		{3D96CFF8-10D1-411A-9971-A5BCEA10E157}.Release|x86.Build.0 = Release|Any CPU
		{B665CE7A-674F-4D4A-9F9C-5ED14400B9B5}.Debug|Any CPU.ActiveCfg = Debug|Any CPU
		{B665CE7A-674F-4D4A-9F9C-5ED14400B9B5}.Debug|Any CPU.Build.0 = Debug|Any CPU
		{B665CE7A-674F-4D4A-9F9C-5ED14400B9B5}.Debug|ARM.ActiveCfg = Debug|Any CPU
		{B665CE7A-674F-4D4A-9F9C-5ED14400B9B5}.Debug|ARM.Build.0 = Debug|Any CPU
		{B665CE7A-674F-4D4A-9F9C-5ED14400B9B5}.Debug|ARM64.ActiveCfg = Debug|Any CPU
		{B665CE7A-674F-4D4A-9F9C-5ED14400B9B5}.Debug|ARM64.Build.0 = Debug|Any CPU
		{B665CE7A-674F-4D4A-9F9C-5ED14400B9B5}.Debug|x64.ActiveCfg = Debug|Any CPU
		{B665CE7A-674F-4D4A-9F9C-5ED14400B9B5}.Debug|x64.Build.0 = Debug|Any CPU
		{B665CE7A-674F-4D4A-9F9C-5ED14400B9B5}.Debug|x86.ActiveCfg = Debug|Any CPU
		{B665CE7A-674F-4D4A-9F9C-5ED14400B9B5}.Debug|x86.Build.0 = Debug|Any CPU
		{B665CE7A-674F-4D4A-9F9C-5ED14400B9B5}.Release|Any CPU.ActiveCfg = Release|Any CPU
		{B665CE7A-674F-4D4A-9F9C-5ED14400B9B5}.Release|Any CPU.Build.0 = Release|Any CPU
		{B665CE7A-674F-4D4A-9F9C-5ED14400B9B5}.Release|ARM.ActiveCfg = Release|Any CPU
		{B665CE7A-674F-4D4A-9F9C-5ED14400B9B5}.Release|ARM.Build.0 = Release|Any CPU
		{B665CE7A-674F-4D4A-9F9C-5ED14400B9B5}.Release|ARM64.ActiveCfg = Release|Any CPU
		{B665CE7A-674F-4D4A-9F9C-5ED14400B9B5}.Release|ARM64.Build.0 = Release|Any CPU
		{B665CE7A-674F-4D4A-9F9C-5ED14400B9B5}.Release|x64.ActiveCfg = Release|Any CPU
		{B665CE7A-674F-4D4A-9F9C-5ED14400B9B5}.Release|x64.Build.0 = Release|Any CPU
		{B665CE7A-674F-4D4A-9F9C-5ED14400B9B5}.Release|x86.ActiveCfg = Release|Any CPU
		{B665CE7A-674F-4D4A-9F9C-5ED14400B9B5}.Release|x86.Build.0 = Release|Any CPU
	EndGlobalSection
	GlobalSection(SolutionProperties) = preSolution
		HideSolutionNode = FALSE
	EndGlobalSection
	GlobalSection(ExtensibilityGlobals) = postSolution
		SolutionGuid = {506D1295-85DC-446C-9915-DCC7DA6B2A0C}
	EndGlobalSection
EndGlobal
